
Microsoft Visual Studio Solution File, Format Version 12.00
# Visual Studio 14
VisualStudioVersion = 14.0.23107.0
MinimumVisualStudioVersion = 10.0.40219.1
Project("{F2A71F9B-5D33-465A-A702-920D77279786}") = "CottontailScheme", "CottontailScheme\CottontailScheme.fsproj", "{B591C6D1-4DAE-4A2B-85B7-B53B3CF746BF}"
EndProject
Project("{F2A71F9B-5D33-465A-A702-920D77279786}") = "CottontailSchemeTests", "CottontailSchemeTests\CottontailSchemeTests.fsproj", "{927FFE32-4C7C-4ED5-B80A-BE621AA182B6}"
EndProject
Global
	GlobalSection(SolutionConfigurationPlatforms) = preSolution
		Debug|Any CPU = Debug|Any CPU
		Release|Any CPU = Release|Any CPU
	EndGlobalSection
	GlobalSection(ProjectConfigurationPlatforms) = postSolution
		{B591C6D1-4DAE-4A2B-85B7-B53B3CF746BF}.Debug|Any CPU.ActiveCfg = Debug|Any CPU
		{B591C6D1-4DAE-4A2B-85B7-B53B3CF746BF}.Debug|Any CPU.Build.0 = Debug|Any CPU
		{B591C6D1-4DAE-4A2B-85B7-B53B3CF746BF}.Release|Any CPU.ActiveCfg = Release|Any CPU
		{B591C6D1-4DAE-4A2B-85B7-B53B3CF746BF}.Release|Any CPU.Build.0 = Release|Any CPU
		{927FFE32-4C7C-4ED5-B80A-BE621AA182B6}.Debug|Any CPU.ActiveCfg = Debug|Any CPU
		{927FFE32-4C7C-4ED5-B80A-BE621AA182B6}.Debug|Any CPU.Build.0 = Debug|Any CPU
		{927FFE32-4C7C-4ED5-B80A-BE621AA182B6}.Release|Any CPU.ActiveCfg = Release|Any CPU
		{927FFE32-4C7C-4ED5-B80A-BE621AA182B6}.Release|Any CPU.Build.0 = Release|Any CPU
	EndGlobalSection
	GlobalSection(SolutionProperties) = preSolution
		HideSolutionNode = FALSE
	EndGlobalSection
EndGlobal
